{
  "lockfileVersion": 1,
  "configVersion": 1,
  "workspaces": {
    "": {
      "name": "preview-stacks",
      "devDependencies": {
        "@samyx/publish-kit": "^0.0.0-pre.1",
        "turbo": "^2.5.6",
      },
    },
    "packages/pstack": {
      "name": "@samyx/preview-stacks",
      "version": "0.1.1",
      "bin": {
        "pstack": "./dist/cli.js",
      },
      "devDependencies": {
        "@samyx/publish-kit": "^0.0.0-pre.1",
        "@types/bun": "latest",
        "typescript": "^5.9.2",
      },
    },
  },
  "packages": {
    "@samyx/preview-stacks": ["@samyx/preview-stacks@workspace:packages/pstack"],

    "@samyx/publish-kit": ["@samyx/publish-kit@0.0.0-pre.1", "", { "dependencies": { "jiti": "^2.6.1" }, "bin": { "publish-kit": "bin/publish-kit.js", "pkit": "bin/publish-kit.js" } }, "sha512-4jP7wHPIcVolylEhgJCpL5ZtJ2ZLVkY8pAZD/wdpIJ63gR6AoXNRF0wULAqLlWxtrrGvn+aZ1k2SW5EUeEKS/Q=="],

    "@turbo/darwin-64": ["@turbo/darwin-64@2.10.7", "", { "os": "darwin", "cpu": "x64" }, "sha512-/c9cSBRermWDv85oufLhoH6XRLOVbvzJLRd+WLyfJCP+i0HFLQj4PVNDrHcY17/ve5l8X0Oua4bJBqJUgJPnZA=="],

    "@turbo/darwin-arm64": ["@turbo/darwin-arm64@2.10.7", "", { "os": "darwin", "cpu": "arm64" }, "sha512-8lpCCGWZBl9PIF8w8f2iEWrLMbHBWIfJeV6l2UEGqysD6HRIM4ySj/8R7HGEzbECJ4r/gnJcHmxEoG8yjFe64A=="],

    "@turbo/linux-64": ["@turbo/linux-64@2.10.7", "", { "os": "linux", "cpu": "x64" }, "sha512-Midw9Ed00yw9rqkWN82fY3LmLNFQ6yiL1GXB56DJKUEjWaEd27zh7ohCxzzrjfjQVrEeVWd3UPytTAV16XDQlA=="],

    "@turbo/linux-arm64": ["@turbo/linux-arm64@2.10.7", "", { "os": "linux", "cpu": "arm64" }, "sha512-UVEy+MW/xn4BcsiV3v3uv0/oObyaQgVtRT+Jj4WE53rNH05VEYEc1Z13q3zV6276wCZR4Yxc4hiTTcjw7PjSpg=="],

    "@turbo/windows-64": ["@turbo/windows-64@2.10.7", "", { "os": "win32", "cpu": "x64" }, "sha512-l2nH9KGLV46SWjcXvyc2+xo5gdf5J0NVADknQk9OCJhzJBpiNl/byd26yIfwZBjLupdqT6UOdPhPxcpUPxRykQ=="],

    "@turbo/windows-arm64": ["@turbo/windows-arm64@2.10.7", "", { "os": "win32", "cpu": "arm64" }, "sha512-qjE1apG6RThuX49vUJd5ks2dV2ndXC2qktDChQonFMvUzrMrEnZMQzO+IgxBiYq1j+NbXQcRwj84nGnk1TBw1g=="],

    "@types/bun": ["@types/bun@1.3.14", "", { "dependencies": { "bun-types": "1.3.14" } }, "sha512-h1hFqFVcvAvD9j9K7ZW7vd82aSA+rTdznZa+5bwvCwqSB1jmmfLcbIWhOLx1/+boy/xmjgCs/OMUL8hRJSmnPw=="],

    "@types/node": ["@types/node@26.1.1", "", { "dependencies": { "undici-types": "~8.3.0" } }, "sha512-nxAkRSVkN1Y0JC1W8ky/fTfkGsMmcrRsbx+3XoZE+rMOX71kLYTV7fLXpqud1GpbpP5TuffXFqfX7fH2GgZREw=="],

    "bun-types": ["bun-types@1.3.14", "", { "dependencies": { "@types/node": "*" } }, "sha512-4N0ig0fEomHt5R0KCFWjovxow98rIoRwKolrYdCcknNwMekCXRnWEUvgu5soYV8QXtVsrUD8B95MBOZGPvr6KQ=="],

    "jiti": ["jiti@2.7.0", "", { "bin": { "jiti": "lib/jiti-cli.mjs" } }, "sha512-AC/7JofJvZGrrneWNaEnJeOLUx+JlGt7tNa0wZiRPT4MY1wmfKjt2+6O2p2uz2+skll8OZZmJMNqeke7kKbNgQ=="],

    "turbo": ["turbo@2.10.7", "", { "optionalDependencies": { "@turbo/darwin-64": "2.10.7", "@turbo/darwin-arm64": "2.10.7", "@turbo/linux-64": "2.10.7", "@turbo/linux-arm64": "2.10.7", "@turbo/windows-64": "2.10.7", "@turbo/windows-arm64": "2.10.7" }, "bin": { "turbo": "bin/turbo" } }, "sha512-GHx6WExIFSKNJ5qMlzDpXBXlu9ApxaMjqxAVrCNcW94xf/+uqgIz41SAuRUMbXva2ExNAaY/h8V0q90SWSzmRw=="],

    "typescript": ["typescript@5.9.3", "", { "bin": { "tsc": "bin/tsc", "tsserver": "bin/tsserver" } }, "sha512-jl1vZzPDinLr9eUt3J/t7V6FgNEw9QjvBPdysz9KfQDD41fQrC2Y4vKQdiaUpFT4bXlb1RHhLpp8wtm6M5TgSw=="],

    "undici-types": ["undici-types@8.3.0", "", {}, "sha512-j375ScV60dom+YkPFIfTLcOiPxkN/buHz5GobjLhixFuANaNs3C9l4GmrWqejgXWJ7BbJcFYpTEUkS1Ge8bpZQ=="],
  }
}
